// !$*UTF8*$!
{
	archiveVersion = 1;
	classes = {
	};
	objectVersion = 46;
	objects = {

/* Begin PBXBuildFile section */
		6135469119FC9C1F00583593 /* main.m in Sources */ = {isa = PBXBuildFile; fileRef = 6135469019FC9C1F00583593 /* main.m */; };
		6135469419FC9C1F00583593 /* AppDelegate.m in Sources */ = {isa = PBXBuildFile; fileRef = 6135469319FC9C1F00583593 /* AppDelegate.m */; };
		6135469719FC9C1F00583593 /* ViewController.m in Sources */ = {isa = PBXBuildFile; fileRef = 6135469619FC9C1F00583593 /* ViewController.m */; };
		6135469A19FC9C1F00583593 /* Main.storyboard in Resources */ = {isa = PBXBuildFile; fileRef = 6135469819FC9C1F00583593 /* Main.storyboard */; };
		6135469C19FC9C1F00583593 /* Images.xcassets in Resources */ = {isa = PBXBuildFile; fileRef = 6135469B19FC9C1F00583593 /* Images.xcassets */; };
		6135469F19FC9C1F00583593 /* LaunchScreen.xib in Resources */ = {isa = PBXBuildFile; fileRef = 6135469D19FC9C1F00583593 /* LaunchScreen.xib */; };
		613546AB19FC9C1F00583593 /* HomepwnerTests.m in Sources */ = {isa = PBXBuildFile; fileRef = 613546AA19FC9C1F00583593 /* HomepwnerTests.m */; };
		61A3C7A619FE21AD00D61DC1 /* BNRItemViewController.m in Sources */ = {isa = PBXBuildFile; fileRef = 61A3C7A519FE21AD00D61DC1 /* BNRItemViewController.m */; };
		61A3C7A919FE24F200D61DC1 /* BNRItem.m in Sources */ = {isa = PBXBuildFile; fileRef = 61A3C7A819FE24F200D61DC1 /* BNRItem.m */; };
/* End PBXBuildFile section */

/* Begin PBXContainerItemProxy section */
		613546A519FC9C1F00583593 /* PBXContainerItemProxy */ = {
			isa = PBXContainerItemProxy;
			containerPortal = 6135468319FC9C1F00583593 /* Project object */;
			proxyType = 1;
			remoteGlobalIDString = 6135468A19FC9C1F00583593;
			remoteInfo = Homepwner;
		};
/* End PBXContainerItemProxy section */

/* Begin PBXFileReference section */
		6135468B19FC9C1F00583593 /* Homepwner.app */ = {isa = PBXFileReference; explicitFileType = wrapper.application; includeInIndex = 0; path = Homepwner.app; sourceTree = BUILT_PRODUCTS_DIR; };
		6135468F19FC9C1F00583593 /* Info.plist */ = {isa = PBXFileReference; lastKnownFileType = text.plist.xml; path = Info.plist; sourceTree = "<group>"; };
		6135469019FC9C1F00583593 /* main.m */ = {isa = PBXFileReference; lastKnownFileType = sourcecode.c.objc; path = main.m; sourceTree = "<group>"; };
		6135469219FC9C1F00583593 /* AppDelegate.h */ = {isa = PBXFileReference; lastKnownFileType = sourcecode.c.h; path = AppDelegate.h; sourceTree = "<group>"; };
		6135469319FC9C1F00583593 /* AppDelegate.m */ = {isa = PBXFileReference; lastKnownFileType = sourcecode.c.objc; path = AppDelegate.m; sourceTree = "<group>"; };
		6135469519FC9C1F00583593 /* ViewController.h */ = {isa = PBXFileReference; lastKnownFileType = sourcecode.c.h; path = ViewController.h; sourceTree = "<group>"; };
		6135469619FC9C1F00583593 /* ViewController.m */ = {isa = PBXFileReference; lastKnownFileType = sourcecode.c.objc; path = ViewController.m; sourceTree = "<group>"; };
		6135469919FC9C1F00583593 /* Base */ = {isa = PBXFileReference; lastKnownFileType = file.storyboard; name = Base; path = Base.lproj/Main.storyboard; sourceTree = "<group>"; };
		6135469B19FC9C1F00583593 /* Images.xcassets */ = {isa = PBXFileReference; lastKnownFileType = folder.assetcatalog; path = Images.xcassets; sourceTree = "<group>"; };
		6135469E19FC9C1F00583593 /* Base */ = {isa = PBXFileReference; lastKnownFileType = file.xib; name = Base; path = Base.lproj/LaunchScreen.xib; sourceTree = "<group>"; };
		613546A419FC9C1F00583593 /* HomepwnerTests.xctest */ = {isa = PBXFileReference; explicitFileType = wrapper.cfbundle; includeInIndex = 0; path = HomepwnerTests.xctest; sourceTree = BUILT_PRODUCTS_DIR; };
		613546A919FC9C1F00583593 /* Info.plist */ = {isa = PBXFileReference; lastKnownFileType = text.plist.xml; path = Info.plist; sourceTree = "<group>"; };
		613546AA19FC9C1F00583593 /* HomepwnerTests.m */ = {isa = PBXFileReference; lastKnownFileType = sourcecode.c.objc; path = HomepwnerTests.m; sourceTree = "<group>"; };
		61A3C7A419FE21AD00D61DC1 /* BNRItemViewController.h */ = {isa = PBXFileReference; fileEncoding = 4; lastKnownFileType = sourcecode.c.h; path = BNRItemViewController.h; sourceTree = "<group>"; };
		61A3C7A519FE21AD00D61DC1 /* BNRItemViewController.m */ = {isa = PBXFileReference; fileEncoding = 4; lastKnownFileType = sourcecode.c.objc; path = BNRItemViewController.m; sourceTree = "<group>"; };
		61A3C7A719FE24F200D61DC1 /* BNRItem.h */ = {isa = PBXFileReference; fileEncoding = 4; lastKnownFileType = sourcecode.c.h; path = BNRItem.h; sourceTree = "<group>"; };
		61A3C7A819FE24F200D61DC1 /* BNRItem.m */ = {isa = PBXFileReference; fileEncoding = 4; lastKnownFileType = sourcecode.c.objc; path = BNRItem.m; sourceTree = "<group>"; };
/* End PBXFileReference section */

/* Begin PBXFrameworksBuildPhase section */
		6135468819FC9C1F00583593 /* Frameworks */ = {
			isa = PBXFrameworksBuildPhase;
			buildActionMask = 2147483647;
			files = (
			);
			runOnlyForDeploymentPostprocessing = 0;
		};
		613546A119FC9C1F00583593 /* Frameworks */ = {
			isa = PBXFrameworksBuildPhase;
			buildActionMask = 2147483647;
			files = (
			);
			runOnlyForDeploymentPostprocessing = 0;
		};
/* End PBXFrameworksBuildPhase section */

/* Begin PBXGroup section */
		6135468219FC9C1F00583593 = {
			isa = PBXGroup;
			children = (
				6135468D19FC9C1F00583593 /* Homepwner */,
				613546A719FC9C1F00583593 /* HomepwnerTests */,
				6135468C19FC9C1F00583593 /* Products */,
			);
			sourceTree = "<group>";
		};
		6135468C19FC9C1F00583593 /* Products */ = {
			isa = PBXGroup;
			children = (
				6135468B19FC9C1F00583593 /* Homepwner.app */,
				613546A419FC9C1F00583593 /* HomepwnerTests.xctest */,
			);
			name = Products;
			sourceTree = "<group>";
		};
		6135468D19FC9C1F00583593 /* Homepwner */ = {
			isa = PBXGroup;
			children = (
				6135469219FC9C1F00583593 /* AppDelegate.h */,
				6135469319FC9C1F00583593 /* AppDelegate.m */,
				61A3C7A719FE24F200D61DC1 /* BNRItem.h */,
				61A3C7A819FE24F200D61DC1 /* BNRItem.m */,
				6135469519FC9C1F00583593 /* ViewController.h */,
				6135469619FC9C1F00583593 /* ViewController.m */,
				61A3C7A419FE21AD00D61DC1 /* BNRItemViewController.h */,
				61A3C7A519FE21AD00D61DC1 /* BNRItemViewController.m */,
				6135469819FC9C1F00583593 /* Main.storyboard */,
				6135469B19FC9C1F00583593 /* Images.xcassets */,
				6135469D19FC9C1F00583593 /* LaunchScreen.xib */,
				6135468E19FC9C1F00583593 /* Supporting Files */,
			);
			path = Homepwner;
			sourceTree = "<group>";
		};
		6135468E19FC9C1F00583593 /* Supporting Files */ = {
			isa = PBXGroup;
			children = (
				6135468F19FC9C1F00583593 /* Info.plist */,
				6135469019FC9C1F00583593 /* main.m */,
			);
			name = "Supporting Files";
			sourceTree = "<group>";
		};
		613546A719FC9C1F00583593 /* HomepwnerTests */ = {
			isa = PBXGroup;
			children = (
				613546AA19FC9C1F00583593 /* HomepwnerTests.m */,
				613546A819FC9C1F00583593 /* Supporting Files */,
			);
			path = HomepwnerTests;
			sourceTree = "<group>";
		};
		613546A819FC9C1F00583593 /* Supporting Files */ = {
			isa = PBXGroup;
			children = (
				613546A919FC9C1F00583593 /* Info.plist */,
			);
			name = "Supporting Files";
			sourceTree = "<group>";
		};
/* End PBXGroup section */

/* Begin PBXNativeTarget section */
		6135468A19FC9C1F00583593 /* Homepwner */ = {
			isa = PBXNativeTarget;
			buildConfigurationList = 613546AE19FC9C1F00583593 /* Build configuration list for PBXNativeTarget "Homepwner" */;
			buildPhases = (
				6135468719FC9C1F00583593 /* Sources */,
				6135468819FC9C1F00583593 /* Frameworks */,
				6135468919FC9C1F00583593 /* Resources */,
			);
			buildRules = (
			);
			dependencies = (
			);
			name = Homepwner;
			productName = Homepwner;
			productReference = 6135468B19FC9C1F00583593 /* Homepwner.app */;
			productType = "com.apple.product-type.application";
		};
		613546A319FC9C1F00583593 /* HomepwnerTests */ = {
			isa = PBXNativeTarget;
			buildConfigurationList = 613546B119FC9C1F00583593 /* Build configuration list for PBXNativeTarget "HomepwnerTests" */;
			buildPhases = (
				613546A019FC9C1F00583593 /* Sources */,
				613546A119FC9C1F00583593 /* Frameworks */,
				613546A219FC9C1F00583593 /* Resources */,
			);
			buildRules = (
			);
			dependencies = (
				613546A619FC9C1F00583593 /* PBXTargetDependency */,
			);
			name = HomepwnerTests;
			productName = HomepwnerTests;
			productReference = 613546A419FC9C1F00583593 /* HomepwnerTests.xctest */;
			productType = "com.apple.product-type.bundle.unit-test";
		};
/* End PBXNativeTarget section */

/* Begin PBXProject section */
		6135468319FC9C1F00583593 /* Project object */ = {
			isa = PBXProject;
			attributes = {
				LastUpgradeCheck = 0600;
				ORGANIZATIONNAME = wangwangwar;
				TargetAttributes = {
					6135468A19FC9C1F00583593 = {
						CreatedOnToolsVersion = 6.0;
					};
					613546A319FC9C1F00583593 = {
						CreatedOnToolsVersion = 6.0;
						TestTargetID = 6135468A19FC9C1F00583593;
					};
				};
			};
			buildConfigurationList = 6135468619FC9C1F00583593 /* Build configuration list for PBXProject "Homepwner" */;
			compatibilityVersion = "Xcode 3.2";
			developmentRegion = English;
			hasScannedForEncodings = 0;
			knownRegions = (
				en,
				Base,
			);
			mainGroup = 6135468219FC9C1F00583593;
			productRefGroup = 6135468C19FC9C1F00583593 /* Products */;
			projectDirPath = "";
			projectRoot = "";
			targets = (
				6135468A19FC9C1F00583593 /* Homepwner */,
				613546A319FC9C1F00583593 /* HomepwnerTests */,
			);
		};
/* End PBXProject section */

/* Begin PBXResourcesBuildPhase section */
		6135468919FC9C1F00583593 /* Resources */ = {
			isa = PBXResourcesBuildPhase;
			buildActionMask = 2147483647;
			files = (
				6135469A19FC9C1F00583593 /* Main.storyboard in Resources */,
				6135469F19FC9C1F00583593 /* LaunchScreen.xib in Resources */,
				6135469C19FC9C1F00583593 /* Images.xcassets in Resources */,
			);
			runOnlyForDeploymentPostprocessing = 0;
		};
		613546A219FC9C1F00583593 /* Resources */ = {
			isa = PBXResourcesBuildPhase;
			buildActionMask = 2147483647;
			files = (
			);
			runOnlyForDeploymentPostprocessing = 0;
		};
/* End PBXResourcesBuildPhase section */

/* Begin PBXSourcesBuildPhase section */
		6135468719FC9C1F00583593 /* Sources */ = {
			isa = PBXSourcesBuildPhase;
			buildActionMask = 2147483647;
			files = (
				6135469719FC9C1F00583593 /* ViewController.m in Sources */,
				6135469419FC9C1F00583593 /* AppDelegate.m in Sources */,
				61A3C7A919FE24F200D61DC1 /* BNRItem.m in Sources */,
				61A3C7A619FE21AD00D61DC1 /* BNRItemViewController.m in Sources */,
				6135469119FC9C1F00583593 /* main.m in Sources */,
			);
			runOnlyForDeploymentPostprocessing = 0;
		};
		613546A019FC9C1F00583593 /* Sources */ = {
			isa = PBXSourcesBuildPhase;
			buildActionMask = 2147483647;
			files = (
				613546AB19FC9C1F00583593 /* HomepwnerTests.m in Sources */,
			);
			runOnlyForDeploymentPostprocessing = 0;
		};
/* End PBXSourcesBuildPhase section */

/* Begin PBXTargetDependency section */
		613546A619FC9C1F00583593 /* PBXTargetDependency */ = {
			isa = PBXTargetDependency;
			target = 6135468A19FC9C1F00583593 /* Homepwner */;
			targetProxy = 613546A519FC9C1F00583593 /* PBXContainerItemProxy */;
		};
/* End PBXTargetDependency section */

/* Begin PBXVariantGroup section */
		6135469819FC9C1F00583593 /* Main.storyboard */ = {
			isa = PBXVariantGroup;
			children = (
				6135469919FC9C1F00583593 /* Base */,
			);
			name = Main.storyboard;
			sourceTree = "<group>";
		};
		6135469D19FC9C1F00583593 /* LaunchScreen.xib */ = {
			isa = PBXVariantGroup;
			children = (
				6135469E19FC9C1F00583593 /* Base */,
			);
			name = LaunchScreen.xib;
			sourceTree = "<group>";
		};
/* End PBXVariantGroup section */

/* Begin XCBuildConfiguration section */
		613546AC19FC9C1F00583593 /* Debug */ = {
			isa = XCBuildConfiguration;
			buildSettings = {
				ALWAYS_SEARCH_USER_PATHS = NO;
				CLANG_CXX_LANGUAGE_STANDARD = "gnu++0x";
				CLANG_CXX_LIBRARY = "libc++";
				CLANG_ENABLE_MODULES = YES;
				CLANG_ENABLE_OBJC_ARC = YES;
				CLANG_WARN_BOOL_CONVERSION = YES;
				CLANG_WARN_CONSTANT_CONVERSION = YES;
				CLANG_WARN_DIRECT_OBJC_ISA_USAGE = YES_ERROR;
				CLANG_WARN_EMPTY_BODY = YES;
				CLANG_WARN_ENUM_CONVERSION = YES;
				CLANG_WARN_INT_CONVERSION = YES;
				CLANG_WARN_OBJC_ROOT_CLASS = YES_ERROR;
				CLANG_WARN_UNREACHABLE_CODE = YES;
				CLANG_WARN__DUPLICATE_METHOD_MATCH = YES;
				"CODE_SIGN_IDENTITY[sdk=iphoneos*]" = "iPhone Developer";
				COPY_PHASE_STRIP = NO;
				ENABLE_STRICT_OBJC_MSGSEND = YES;
				GCC_C_LANGUAGE_STANDARD = gnu99;
				GCC_DYNAMIC_NO_PIC = NO;
				GCC_OPTIMIZATION_LEVEL = 0;
				GCC_PREPROCESSOR_DEFINITIONS = (
					"DEBUG=1",
					"$(inherited)",
				);
				GCC_SYMBOLS_PRIVATE_EXTERN = NO;
				GCC_WARN_64_TO_32_BIT_CONVERSION = YES;
				GCC_WARN_ABOUT_RETURN_TYPE = YES_ERROR;
				GCC_WARN_UNDECLARED_SELECTOR = YES;
				GCC_WARN_UNINITIALIZED_AUTOS = YES_AGGRESSIVE;
				GCC_WARN_UNUSED_FUNCTION = YES;
				GCC_WARN_UNUSED_VARIABLE = YES;
				IPHONEOS_DEPLOYMENT_TARGET = 8.0;
				MTL_ENABLE_DEBUG_INFO = YES;
				ONLY_ACTIVE_ARCH = YES;
				SDKROOT = iphoneos;
			};
			name = Debug;
		};
		613546AD19FC9C1F00583593 /* Release */ = {
			isa = XCBuildConfiguration;
			buildSettings = {
				ALWAYS_SEARCH_USER_PATHS = NO;
				CLANG_CXX_LANGUAGE_STANDARD = "gnu++0x";
				CLANG_CXX_LIBRARY = "libc++";
				CLANG_ENABLE_MODULES = YES;
				CLANG_ENABLE_OBJC_ARC = YES;
				CLANG_WARN_BOOL_CONVERSION = YES;
				CLANG_WARN_CONSTANT_CONVERSION = YES;
				CLANG_WARN_DIRECT_OBJC_ISA_USAGE = YES_ERROR;
				CLANG_WARN_EMPTY_BODY = YES;
				CLANG_WARN_ENUM_CONVERSION = YES;
				CLANG_WARN_INT_CONVERSION = YES;
				CLANG_WARN_OBJC_ROOT_CLASS = YES_ERROR;
				CLANG_WARN_UNREACHABLE_CODE = YES;
				CLANG_WARN__DUPLICATE_METHOD_MATCH = YES;
				"CODE_SIGN_IDENTITY[sdk=iphoneos*]" = "iPhone Developer";
				COPY_PHASE_STRIP = YES;
				ENABLE_NS_ASSERTIONS = NO;
				ENABLE_STRICT_OBJC_MSGSEND = YES;
				GCC_C_LANGUAGE_STANDARD = gnu99;
				GCC_WARN_64_TO_32_BIT_CONVERSION = YES;
				GCC_WARN_ABOUT_RETURN_TYPE = YES_ERROR;
				GCC_WARN_UNDECLARED_SELECTOR = YES;
				GCC_WARN_UNINITIALIZED_AUTOS = YES_AGGRESSIVE;
				GCC_WARN_UNUSED_FUNCTION = YES;
				GCC_WARN_UNUSED_VARIABLE = YES;
				IPHONEOS_DEPLOYMENT_TARGET = 8.0;
				MTL_ENABLE_DEBUG_INFO = NO;
				SDKROOT = iphoneos;
				VALIDATE_PRODUCT = YES;
			};
			name = Release;
		};
		613546AF19FC9C1F00583593 /* Debug */ = {
			isa = XCBuildConfiguration;
			buildSettings = {
				ASSETCATALOG_COMPILER_APPICON_NAME = AppIcon;
				INFOPLIST_FILE = Homepwner/Info.plist;
				LD_RUNPATH_SEARCH_PATHS = "$(inherited) @executable_path/Frameworks";
				PRODUCT_NAME = "$(TARGET_NAME)";
			};
			name = Debug;
		};
		613546B019FC9C1F00583593 /* Release */ = {
			isa = XCBuildConfiguration;
			buildSettings = {
				ASSETCATALOG_COMPILER_APPICON_NAME = AppIcon;
				INFOPLIST_FILE = Homepwner/Info.plist;
				LD_RUNPATH_SEARCH_PATHS = "$(inherited) @executable_path/Frameworks";
				PRODUCT_NAME = "$(TARGET_NAME)";
			};
			name = Release;
		};
		613546B219FC9C1F00583593 /* Debug */ = {
			isa = XCBuildConfiguration;
			buildSettings = {
				BUNDLE_LOADER = "$(TEST_HOST)";
				FRAMEWORK_SEARCH_PATHS = (
					"$(SDKROOT)/Developer/Library/Frameworks",
					"$(inherited)",
				);
				GCC_PREPROCESSOR_DEFINITIONS = (
					"DEBUG=1",
					"$(inherited)",
				);
				INFOPLIST_FILE = HomepwnerTests/Info.plist;
				LD_RUNPATH_SEARCH_PATHS = "$(inherited) @executable_path/Frameworks @loader_path/Frameworks";
				PRODUCT_NAME = "$(TARGET_NAME)";
				TEST_HOST = "$(BUILT_PRODUCTS_DIR)/Homepwner.app/Homepwner";
			};
			name = Debug;
		};
		613546B319FC9C1F00583593 /* Release */ = {
			isa = XCBuildConfiguration;
			buildSettings = {
				BUNDLE_LOADER = "$(TEST_HOST)";
				FRAMEWORK_SEARCH_PATHS = (
					"$(SDKROOT)/Developer/Library/Frameworks",
					"$(inherited)",
				);
				INFOPLIST_FILE = HomepwnerTests/Info.plist;
				LD_RUNPATH_SEARCH_PATHS = "$(inherited) @executable_path/Frameworks @loader_path/Frameworks";
				PRODUCT_NAME = "$(TARGET_NAME)";
				TEST_HOST = "$(BUILT_PRODUCTS_DIR)/Homepwner.app/Homepwner";
			};
			name = Release;
		};
/* End XCBuildConfiguration section */

/* Begin XCConfigurationList section */
		6135468619FC9C1F00583593 /* Build configuration list for PBXProject "Homepwner" */ = {
			isa = XCConfigurationList;
			buildConfigurations = (
				613546AC19FC9C1F00583593 /* Debug */,
				613546AD19FC9C1F00583593 /* Release */,
			);
			defaultConfigurationIsVisible = 0;
			defaultConfigurationName = Release;
		};
		613546AE19FC9C1F00583593 /* Build configuration list for PBXNativeTarget "Homepwner" */ = {
			isa = XCConfigurationList;
			buildConfigurations = (
				613546AF19FC9C1F00583593 /* Debug */,
				613546B019FC9C1F00583593 /* Release */,
			);
			defaultConfigurationIsVisible = 0;
			defaultConfigurationName = Release;
		};
		613546B119FC9C1F00583593 /* Build configuration list for PBXNativeTarget "HomepwnerTests" */ = {
			isa = XCConfigurationList;
			buildConfigurations = (
				613546B219FC9C1F00583593 /* Debug */,
				613546B319FC9C1F00583593 /* Release */,
			);
			defaultConfigurationIsVisible = 0;
			defaultConfigurationName = Release;
		};
/* End XCConfigurationList section */
	};
	rootObject = 6135468319FC9C1F00583593 /* Project object */;
}
